
Microsoft Visual Studio Solution File, Format Version 12.00
# Visual Studio Version 17
VisualStudioVersion = 17.5.33502.453
MinimumVisualStudioVersion = 10.0.40219.1
Project("{FAE04EC0-301F-11D3-BF4B-00C04F79EFBC}") = "Rafal-Woojciechowski", "Rafal-Woojciechowski\Rafal-Woojciechowski.csproj", "{571324D6-95BE-41D5-953E-60BF27D2C1F9}"
EndProject
Global
	GlobalSection(SolutionConfigurationPlatforms) = preSolution
		Debug|Any CPU = Debug|Any CPU
		Release|Any CPU = Release|Any CPU
	EndGlobalSection
	GlobalSection(ProjectConfigurationPlatforms) = postSolution
		{571324D6-95BE-41D5-953E-60BF27D2C1F9}.Debug|Any CPU.ActiveCfg = Debug|Any CPU
		{571324D6-95BE-41D5-953E-60BF27D2C1F9}.Debug|Any CPU.Build.0 = Debug|Any CPU
		{571324D6-95BE-41D5-953E-60BF27D2C1F9}.Release|Any CPU.ActiveCfg = Release|Any CPU
		{571324D6-95BE-41D5-953E-60BF27D2C1F9}.Release|Any CPU.Build.0 = Release|Any CPU
	EndGlobalSection
	GlobalSection(SolutionProperties) = preSolution
		HideSolutionNode = FALSE
	EndGlobalSection
	GlobalSection(ExtensibilityGlobals) = postSolution
		SolutionGuid = {D41C1BBF-17E6-4BCC-85ED-9FF3815FBB9B}
	EndGlobalSection
EndGlobal
